
Microsoft Visual Studio Solution File, Format Version 12.00
# Visual Studio Version 17
VisualStudioVersion = 17.3.32901.215
MinimumVisualStudioVersion = 10.0.40219.1
Project("{FAE04EC0-301F-11D3-BF4B-00C04F79EFBC}") = "LR_MY_TEST", "LR_MY_TEST\LR_MY_TEST.csproj", "{4519F835-1474-4A44-8898-D613F3FA5E21}"
EndProject
Global
	GlobalSection(SolutionConfigurationPlatforms) = preSolution
		Debug|Any CPU = Debug|Any CPU
		Release|Any CPU = Release|Any CPU
	EndGlobalSection
	GlobalSection(ProjectConfigurationPlatforms) = postSolution
		{4519F835-1474-4A44-8898-D613F3FA5E21}.Debug|Any CPU.ActiveCfg = Debug|Any CPU
		{4519F835-1474-4A44-8898-D613F3FA5E21}.Debug|Any CPU.Build.0 = Debug|Any CPU
		{4519F835-1474-4A44-8898-D613F3FA5E21}.Release|Any CPU.ActiveCfg = Release|Any CPU
		{4519F835-1474-4A44-8898-D613F3FA5E21}.Release|Any CPU.Build.0 = Release|Any CPU
	EndGlobalSection
	GlobalSection(SolutionProperties) = preSolution
		HideSolutionNode = FALSE
	EndGlobalSection
	GlobalSection(ExtensibilityGlobals) = postSolution
		SolutionGuid = {F9054660-B8A7-4E72-948E-D1AAB9802369}
	EndGlobalSection
EndGlobal
